{
  "name": "yesplash",
  "version": "1.0.0",
  "lockfileVersion": 1,
  "requires": true,
  "dependencies": {
    "agent-base": {
      "version": "6.0.0",
      "resolved": "https://registry.npm.taobao.org/agent-base/download/agent-base-6.0.0.tgz",
      "integrity": "sha1-XQEB8Zu/rtOZgLIq6GbeFTuT8Jo=",
      "requires": {
        "debug": "4"
      }
    },
    "argparse": {
      "version": "1.0.10",
      "resolved": "https://registry.npm.taobao.org/argparse/download/argparse-1.0.10.tgz",
      "integrity": "sha1-vNZ5HqWuCXJeF+WtmIE0zUCz2RE=",
      "requires": {
        "sprintf-js": "~1.0.2"
      }
    },
    "debug": {
      "version": "4.1.1",
      "resolved": "https://registry.npm.taobao.org/debug/download/debug-4.1.1.tgz?cache=0&sync_timestamp=1574444499690&other_urls=https%3A%2F%2Fregistry.npm.taobao.org%2Fdebug%2Fdownload%2Fdebug-4.1.1.tgz",
      "integrity": "sha1-O3ImAlUQnGtYnO4FDx1RYTlmR5E=",
      "requires": {
        "ms": "^2.1.1"
      }
    },
    "esprima": {
      "version": "4.0.1",
      "resolved": "https://registry.npm.taobao.org/esprima/download/esprima-4.0.1.tgz",
      "integrity": "sha1-E7BM2z5sXRnfkatph6hpVhmwqnE="
    },
    "file-saver": {
      "version": "2.0.2",
      "resolved": "https://registry.npm.taobao.org/file-saver/download/file-saver-2.0.2.tgz",
      "integrity": "sha1-BtbnKKnqLfLM4vjZ6E383DOOwXo="
    },
    "form-urlencoded": {
      "version": "1.2.0",
      "resolved": "https://registry.npm.taobao.org/form-urlencoded/download/form-urlencoded-1.2.0.tgz",
      "integrity": "sha1-Fs4sr6dtLki55ROrcjIorqWZM5Y="
    },
    "http-proxy-agent": {
      "version": "4.0.0",
      "resolved": "https://registry.npm.taobao.org/http-proxy-agent/download/http-proxy-agent-4.0.0.tgz",
      "integrity": "sha1-a3TTMuGTShEHuX6X3koA4mfHkP4=",
      "requires": {
        "agent-base": "6",
        "debug": "4"
      }
    },
    "https-proxy-agent": {
      "version": "4.0.0",
      "resolved": "https://registry.npm.taobao.org/https-proxy-agent/download/https-proxy-agent-4.0.0.tgz",
      "integrity": "sha1-cCtx+1UgoTKmbeH2dUHZ5iFU2Cs=",
      "requires": {
        "agent-base": "5",
        "debug": "4"
      },
      "dependencies": {
        "agent-base": {
          "version": "5.1.1",
          "resolved": "https://registry.npm.taobao.org/agent-base/download/agent-base-5.1.1.tgz",
          "integrity": "sha1-6Ps/JClZ20TWO+Zl23qOc5U3oyw="
        }
      }
    },
    "js-yaml": {
      "version": "3.13.1",
      "resolved": "https://registry.npm.taobao.org/js-yaml/download/js-yaml-3.13.1.tgz",
      "integrity": "sha1-r/FRswv9+o5J4F2iLnQV6d+jeEc=",
      "requires": {
        "argparse": "^1.0.7",
        "esprima": "^4.0.0"
      }
    },
    "lodash": {
      "version": "4.17.15",
      "resolved": "https://registry.npm.taobao.org/lodash/download/lodash-4.17.15.tgz",
      "integrity": "sha1-tEf2ZwoEVbv+7dETku/zMOoJdUg="
    },
    "lodash.get": {
      "version": "4.4.2",
      "resolved": "https://registry.npm.taobao.org/lodash.get/download/lodash.get-4.4.2.tgz",
      "integrity": "sha1-LRd/ZS+jHpObRDjVNBSZ36OCXpk="
    },
    "moment": {
      "version": "2.24.0",
      "resolved": "https://registry.npm.taobao.org/moment/download/moment-2.24.0.tgz",
      "integrity": "sha1-DQVdU/UFKqZTyfbraLtdEr9cK1s="
    },
    "ms": {
      "version": "2.1.2",
      "resolved": "https://registry.npm.taobao.org/ms/download/ms-2.1.2.tgz",
      "integrity": "sha1-0J0fNXtEP0kzgqjrPM0YOHKuYAk="
    },
    "node-fetch": {
      "version": "2.6.0",
      "resolved": "https://registry.npm.taobao.org/node-fetch/download/node-fetch-2.6.0.tgz",
      "integrity": "sha1-5jNFY4bUqlWGP2dqerDaqP3ssP0="
    },
    "querystring": {
      "version": "0.2.0",
      "resolved": "https://registry.npm.taobao.org/querystring/download/querystring-0.2.0.tgz",
      "integrity": "sha1-sgmEkgO7Jd+CDadW50cAWHhSFiA="
    },
    "querystringify": {
      "version": "2.1.1",
      "resolved": "https://registry.npm.taobao.org/querystringify/download/querystringify-2.1.1.tgz",
      "integrity": "sha1-YOWl/WSn+L+k0qsu1v30yFutFU4="
    },
    "requires-port": {
      "version": "1.0.0",
      "resolved": "https://registry.npm.taobao.org/requires-port/download/requires-port-1.0.0.tgz",
      "integrity": "sha1-kl0mAdOaxIXgkc8NpcbmlNw9yv8="
    },
    "socks5-http-client": {
      "version": "1.0.4",
      "resolved": "https://registry.npm.taobao.org/socks5-http-client/download/socks5-http-client-1.0.4.tgz",
      "integrity": "sha1-z6qpk/kd9YVCgGtFg3LG+zwaMr0=",
      "requires": {
        "socks5-client": "~1.2.6"
      },
      "dependencies": {
        "ip-address": {
          "version": "6.1.0",
          "resolved": "https://registry.npm.taobao.org/ip-address/download/ip-address-6.1.0.tgz",
          "integrity": "sha1-PDM1vJDyKzVFpuylv/76vrLqb9I=",
          "requires": {
            "jsbn": "1.1.0",
            "lodash": "^4.17.15",
            "sprintf-js": "1.1.2"
          }
        },
        "jsbn": {
          "version": "1.1.0",
          "resolved": "https://registry.npm.taobao.org/jsbn/download/jsbn-1.1.0.tgz",
          "integrity": "sha1-sBMHyym2GKHtJux56RH4A8TaAEA="
        },
        "lodash": {
          "version": "4.17.15",
          "resolved": "https://registry.npm.taobao.org/lodash/download/lodash-4.17.15.tgz",
          "integrity": "sha1-tEf2ZwoEVbv+7dETku/zMOoJdUg="
        },
        "socks5-client": {
          "version": "1.2.8",
          "resolved": "https://registry.npm.taobao.org/socks5-client/download/socks5-client-1.2.8.tgz",
          "integrity": "sha1-ZHDk14HeJU7p87Xsl2CkTF34mNo=",
          "requires": {
            "ip-address": "~6.1.0"
          }
        },
        "sprintf-js": {
          "version": "1.1.2",
          "resolved": "https://registry.npm.taobao.org/sprintf-js/download/sprintf-js-1.1.2.tgz",
          "integrity": "sha1-2hdlJiv4wPVxdJ8q1sJjACB65nM="
        }
      }
    },
    "socks5-https-client": {
      "version": "1.2.1",
      "resolved": "https://registry.npm.taobao.org/socks5-https-client/download/socks5-https-client-1.2.1.tgz",
      "integrity": "sha1-yNSgAOOc3BZR2QJFrwSnNdddiwk=",
      "requires": {
        "socks5-client": "~1.2.3"
      },
      "dependencies": {
        "ip-address": {
          "version": "6.1.0",
          "resolved": "https://registry.npm.taobao.org/ip-address/download/ip-address-6.1.0.tgz",
          "integrity": "sha1-PDM1vJDyKzVFpuylv/76vrLqb9I=",
          "requires": {
            "jsbn": "1.1.0",
            "lodash": "^4.17.15",
            "sprintf-js": "1.1.2"
          }
        },
        "jsbn": {
          "version": "1.1.0",
          "resolved": "https://registry.npm.taobao.org/jsbn/download/jsbn-1.1.0.tgz",
          "integrity": "sha1-sBMHyym2GKHtJux56RH4A8TaAEA="
        },
        "lodash": {
          "version": "4.17.15",
          "resolved": "https://registry.npm.taobao.org/lodash/download/lodash-4.17.15.tgz",
          "integrity": "sha1-tEf2ZwoEVbv+7dETku/zMOoJdUg="
        },
        "socks5-client": {
          "version": "1.2.8",
          "resolved": "https://registry.npm.taobao.org/socks5-client/download/socks5-client-1.2.8.tgz",
          "integrity": "sha1-ZHDk14HeJU7p87Xsl2CkTF34mNo=",
          "requires": {
            "ip-address": "~6.1.0"
          }
        },
        "sprintf-js": {
          "version": "1.1.2",
          "resolved": "https://registry.npm.taobao.org/sprintf-js/download/sprintf-js-1.1.2.tgz",
          "integrity": "sha1-2hdlJiv4wPVxdJ8q1sJjACB65nM="
        }
      }
    },
    "socks5-node-fetch": {
      "version": "0.0.4",
      "resolved": "https://registry.npm.taobao.org/socks5-node-fetch/download/socks5-node-fetch-0.0.4.tgz",
      "integrity": "sha1-tkOjeVGttmDX3DGLusIrEyd668Q=",
      "requires": {
        "node-fetch": "^1.7.3",
        "socks5-http-client": "^1.0.2",
        "socks5-https-client": "^1.2.1"
      },
      "dependencies": {
        "encoding": {
          "version": "0.1.12",
          "resolved": "https://registry.npm.taobao.org/encoding/download/encoding-0.1.12.tgz",
          "integrity": "sha1-U4tm8+5izRq1HsMjgp0flIDHS+s=",
          "requires": {
            "iconv-lite": "~0.4.13"
          }
        },
        "iconv-lite": {
          "version": "0.4.24",
          "resolved": "https://registry.npm.taobao.org/iconv-lite/download/iconv-lite-0.4.24.tgz?cache=0&sync_timestamp=1579334008444&other_urls=https%3A%2F%2Fregistry.npm.taobao.org%2Ficonv-lite%2Fdownload%2Ficonv-lite-0.4.24.tgz",
          "integrity": "sha1-ICK0sl+93CHS9SSXSkdKr+czkIs=",
          "requires": {
            "safer-buffer": ">= 2.1.2 < 3"
          }
        },
        "is-stream": {
          "version": "1.1.0",
          "resolved": "https://registry.npm.taobao.org/is-stream/download/is-stream-1.1.0.tgz",
          "integrity": "sha1-EtSj3U5o4Lec6428hBc66A2RykQ="
        },
        "node-fetch": {
          "version": "1.7.3",
          "resolved": "https://registry.npm.taobao.org/node-fetch/download/node-fetch-1.7.3.tgz",
          "integrity": "sha1-mA9vcthSEaU0fGsrwYxbhMPrR+8=",
          "requires": {
            "encoding": "^0.1.11",
            "is-stream": "^1.0.1"
          }
        },
        "safer-buffer": {
          "version": "2.1.2",
          "resolved": "https://registry.npm.taobao.org/safer-buffer/download/safer-buffer-2.1.2.tgz",
          "integrity": "sha1-RPoWGwGHuVSd2Eu5GAL5vYOFzWo="
        }
      }
    },
    "sprintf-js": {
      "version": "1.0.3",
      "resolved": "https://registry.npm.taobao.org/sprintf-js/download/sprintf-js-1.0.3.tgz",
      "integrity": "sha1-BOaSb2YolTVPPdAVIDYzuFcpfiw="
    },
    "unsplash-js": {
      "version": "6.0.0",
      "resolved": "https://registry.npm.taobao.org/unsplash-js/download/unsplash-js-6.0.0.tgz",
      "integrity": "sha1-8TvRKBfhFfRA8FJrzhjhy3sP3hY=",
      "requires": {
        "form-urlencoded": "1.2.0",
        "lodash.get": "4.4.2",
        "querystring": "0.2.0",
        "url-parse": "1.4.4"
      }
    },
    "url-parse": {
      "version": "1.4.4",
      "resolved": "https://registry.npm.taobao.org/url-parse/download/url-parse-1.4.4.tgz",
      "integrity": "sha1-ysFVbpX6oDA2kf7Fz51aG8NGSPg=",
      "requires": {
        "querystringify": "^2.0.0",
        "requires-port": "^1.0.0"
      }
    },
    "wallpaper": {
      "version": "4.4.1",
      "resolved": "https://registry.npm.taobao.org/wallpaper/download/wallpaper-4.4.1.tgz",
      "integrity": "sha1-RdjDI24JN6dCo85bJ/wjm3O7iFk="
    }
  }
}
